{
  "name": "physicsengine",
  "version": "1.0.0",
  "lockfileVersion": 1,
  "requires": true,
  "dependencies": {
    "complex.js": {
      "version": "2.0.11",
      "resolved": "https://devops.bt.siemens.com/artifactory/api/npm/npm-all/complex.js/-/complex.js-2.0.11.tgz",
      "integrity": "sha1-Cahz+/Ff/YwYycIgHM70JcMri/E="
    },
    "decimal.js": {
      "version": "10.2.0",
      "resolved": "https://devops.bt.siemens.com/artifactory/api/npm/npm-all/decimal.js/-/decimal.js-10.2.0.tgz",
      "integrity": "sha1-OUZhE6ngNhEdAvgkibX9awte0jE="
    },
    "escape-latex": {
      "version": "1.2.0",
      "resolved": "https://devops.bt.siemens.com/artifactory/api/npm/npm-all/escape-latex/-/escape-latex-1.2.0.tgz",
      "integrity": "sha1-B8A4GM99rCUMzlF/T9obAB7yvKE="
    },
    "fraction.js": {
      "version": "4.0.12",
      "resolved": "https://devops.bt.siemens.com/artifactory/api/npm/npm-all/fraction.js/-/fraction.js-4.0.12.tgz",
      "integrity": "sha1-BSbUfGWl+0hU33i8d/e+xwjXuMM="
    },
    "javascript-natural-sort": {
      "version": "0.7.1",
      "resolved": "https://devops.bt.siemens.com/artifactory/api/npm/npm-all/javascript-natural-sort/-/javascript-natural-sort-0.7.1.tgz",
      "integrity": "sha1-+eIwPUUH9tdDVac2ZNFED7Wg71k="
    },
    "mathjs": {
      "version": "6.6.2",
      "resolved": "https://devops.bt.siemens.com/artifactory/api/npm/npm-all/mathjs/-/mathjs-6.6.2.tgz",
      "integrity": "sha1-lBGCTKETwVgZTtVfR8gWuvpj7I0=",
      "requires": {
        "complex.js": "^2.0.11",
        "decimal.js": "^10.2.0",
        "escape-latex": "^1.2.0",
        "fraction.js": "^4.0.12",
        "javascript-natural-sort": "^0.7.1",
        "seed-random": "^2.2.0",
        "tiny-emitter": "^2.1.0",
        "typed-function": "^1.1.1"
      }
    },
    "seed-random": {
      "version": "2.2.0",
      "resolved": "https://devops.bt.siemens.com/artifactory/api/npm/npm-all/seed-random/-/seed-random-2.2.0.tgz",
      "integrity": "sha1-KpsZ4lCoFwmSMaW5mk2vgLf77VQ="
    },
    "tiny-emitter": {
      "version": "2.1.0",
      "resolved": "https://devops.bt.siemens.com/artifactory/api/npm/npm-all/tiny-emitter/-/tiny-emitter-2.1.0.tgz",
      "integrity": "sha1-HRpW7fxRxD6GPLtTgqcjMONVVCM="
    },
    "typed-function": {
      "version": "1.1.1",
      "resolved": "https://devops.bt.siemens.com/artifactory/api/npm/npm-all/typed-function/-/typed-function-1.1.1.tgz",
      "integrity": "sha1-oTFhh+w2KMniGbkcqWkYZgoQE44="
    }
  }
}
